// !$*UTF8*$!
{
	archiveVersion = 1;
	classes = {
	};
	objectVersion = 77;
	objects = {

/* Begin PBXContainerItemProxy section */
		A93279EE2CAF0AC20053A9C2 /* PBXContainerItemProxy */ = {
			isa = PBXContainerItemProxy;
			containerPortal = A93279CC2CAF0AC00053A9C2 /* Project object */;
			proxyType = 1;
			remoteGlobalIDString = A93279D32CAF0AC00053A9C2;
			remoteInfo = banquemisr.challenge05;
		};
		A93279F82CAF0AC20053A9C2 /* PBXContainerItemProxy */ = {
			isa = PBXContainerItemProxy;
			containerPortal = A93279CC2CAF0AC00053A9C2 /* Project object */;
			proxyType = 1;
			remoteGlobalIDString = A93279D32CAF0AC00053A9C2;
			remoteInfo = banquemisr.challenge05;
		};
/* End PBXContainerItemProxy section */

/* Begin PBXFileReference section */
		A93279D42CAF0AC00053A9C2 /* banquemisr.challenge05.app */ = {isa = PBXFileReference; explicitFileType = wrapper.application; includeInIndex = 0; path = banquemisr.challenge05.app; sourceTree = BUILT_PRODUCTS_DIR; };
		A93279ED2CAF0AC20053A9C2 /* banquemisr.challenge05Tests.xctest */ = {isa = PBXFileReference; explicitFileType = wrapper.cfbundle; includeInIndex = 0; path = banquemisr.challenge05Tests.xctest; sourceTree = BUILT_PRODUCTS_DIR; };
		A93279F72CAF0AC20053A9C2 /* banquemisr.challenge05UITests.xctest */ = {isa = PBXFileReference; explicitFileType = wrapper.cfbundle; includeInIndex = 0; path = banquemisr.challenge05UITests.xctest; sourceTree = BUILT_PRODUCTS_DIR; };
		C65110312CB229CC006A7443 /* banquemisr.challenge05.xctestplan */ = {isa = PBXFileReference; lastKnownFileType = text; path = banquemisr.challenge05.xctestplan; sourceTree = "<group>"; };
/* End PBXFileReference section */

/* Begin PBXFileSystemSynchronizedBuildFileExceptionSet section */
		A93279FF2CAF0AC20053A9C2 /* Exceptions for "banquemisr.challenge05" folder in "banquemisr.challenge05" target */ = {
			isa = PBXFileSystemSynchronizedBuildFileExceptionSet;
			membershipExceptions = (
				Info.plist,
			);
			target = A93279D32CAF0AC00053A9C2 /* banquemisr.challenge05 */;
		};
/* End PBXFileSystemSynchronizedBuildFileExceptionSet section */

/* Begin PBXFileSystemSynchronizedRootGroup section */
		A93279D62CAF0AC00053A9C2 /* banquemisr.challenge05 */ = {
			isa = PBXFileSystemSynchronizedRootGroup;
			exceptions = (
				A93279FF2CAF0AC20053A9C2 /* Exceptions for "banquemisr.challenge05" folder in "banquemisr.challenge05" target */,
			);
			path = banquemisr.challenge05;
			sourceTree = "<group>";
		};
		A93279F02CAF0AC20053A9C2 /* banquemisr.challenge05Tests */ = {
			isa = PBXFileSystemSynchronizedRootGroup;
			path = banquemisr.challenge05Tests;
			sourceTree = "<group>";
		};
		A93279FA2CAF0AC20053A9C2 /* banquemisr.challenge05UITests */ = {
			isa = PBXFileSystemSynchronizedRootGroup;
			path = banquemisr.challenge05UITests;
			sourceTree = "<group>";
		};
/* End PBXFileSystemSynchronizedRootGroup section */

/* Begin PBXFrameworksBuildPhase section */
		A93279D12CAF0AC00053A9C2 /* Frameworks */ = {
			isa = PBXFrameworksBuildPhase;
			buildActionMask = 2147483647;
			files = (
			);
			runOnlyForDeploymentPostprocessing = 0;
		};
		A93279EA2CAF0AC20053A9C2 /* Frameworks */ = {
			isa = PBXFrameworksBuildPhase;
			buildActionMask = 2147483647;
			files = (
			);
			runOnlyForDeploymentPostprocessing = 0;
		};
		A93279F42CAF0AC20053A9C2 /* Frameworks */ = {
			isa = PBXFrameworksBuildPhase;
			buildActionMask = 2147483647;
			files = (
			);
			runOnlyForDeploymentPostprocessing = 0;
		};
/* End PBXFrameworksBuildPhase section */

/* Begin PBXGroup section */
		A93279CB2CAF0AC00053A9C2 = {
			isa = PBXGroup;
			children = (
				C65110312CB229CC006A7443 /* banquemisr.challenge05.xctestplan */,
				A93279D62CAF0AC00053A9C2 /* banquemisr.challenge05 */,
				A93279F02CAF0AC20053A9C2 /* banquemisr.challenge05Tests */,
				A93279FA2CAF0AC20053A9C2 /* banquemisr.challenge05UITests */,
				A93279D52CAF0AC00053A9C2 /* Products */,
			);
			sourceTree = "<group>";
		};
		A93279D52CAF0AC00053A9C2 /* Products */ = {
			isa = PBXGroup;
			children = (
				A93279D42CAF0AC00053A9C2 /* banquemisr.challenge05.app */,
				A93279ED2CAF0AC20053A9C2 /* banquemisr.challenge05Tests.xctest */,
				A93279F72CAF0AC20053A9C2 /* banquemisr.challenge05UITests.xctest */,
			);
			name = Products;
			sourceTree = "<group>";
		};
/* End PBXGroup section */

/* Begin PBXNativeTarget section */
		A93279D32CAF0AC00053A9C2 /* banquemisr.challenge05 */ = {
			isa = PBXNativeTarget;
			buildConfigurationList = A9327A002CAF0AC20053A9C2 /* Build configuration list for PBXNativeTarget "banquemisr.challenge05" */;
			buildPhases = (
				A93279D02CAF0AC00053A9C2 /* Sources */,
				A93279D12CAF0AC00053A9C2 /* Frameworks */,
				A93279D22CAF0AC00053A9C2 /* Resources */,
			);
			buildRules = (
			);
			dependencies = (
			);
			fileSystemSynchronizedGroups = (
				A93279D62CAF0AC00053A9C2 /* banquemisr.challenge05 */,
			);
			name = banquemisr.challenge05;
			packageProductDependencies = (
			);
			productName = banquemisr.challenge05;
			productReference = A93279D42CAF0AC00053A9C2 /* banquemisr.challenge05.app */;
			productType = "com.apple.product-type.application";
		};
		A93279EC2CAF0AC20053A9C2 /* banquemisr.challenge05Tests */ = {
			isa = PBXNativeTarget;
			buildConfigurationList = A9327A052CAF0AC20053A9C2 /* Build configuration list for PBXNativeTarget "banquemisr.challenge05Tests" */;
			buildPhases = (
				A93279E92CAF0AC20053A9C2 /* Sources */,
				A93279EA2CAF0AC20053A9C2 /* Frameworks */,
				A93279EB2CAF0AC20053A9C2 /* Resources */,
			);
			buildRules = (
			);
			dependencies = (
				A93279EF2CAF0AC20053A9C2 /* PBXTargetDependency */,
			);
			fileSystemSynchronizedGroups = (
				A93279F02CAF0AC20053A9C2 /* banquemisr.challenge05Tests */,
			);
			name = banquemisr.challenge05Tests;
			packageProductDependencies = (
			);
			productName = banquemisr.challenge05Tests;
			productReference = A93279ED2CAF0AC20053A9C2 /* banquemisr.challenge05Tests.xctest */;
			productType = "com.apple.product-type.bundle.unit-test";
		};
		A93279F62CAF0AC20053A9C2 /* banquemisr.challenge05UITests */ = {
			isa = PBXNativeTarget;
			buildConfigurationList = A9327A082CAF0AC20053A9C2 /* Build configuration list for PBXNativeTarget "banquemisr.challenge05UITests" */;
			buildPhases = (
				A93279F32CAF0AC20053A9C2 /* Sources */,
				A93279F42CAF0AC20053A9C2 /* Frameworks */,
				A93279F52CAF0AC20053A9C2 /* Resources */,
			);
			buildRules = (
			);
			dependencies = (
				A93279F92CAF0AC20053A9C2 /* PBXTargetDependency */,
			);
			fileSystemSynchronizedGroups = (
				A93279FA2CAF0AC20053A9C2 /* banquemisr.challenge05UITests */,
			);
			name = banquemisr.challenge05UITests;
			packageProductDependencies = (
			);
			productName = banquemisr.challenge05UITests;
			productReference = A93279F72CAF0AC20053A9C2 /* banquemisr.challenge05UITests.xctest */;
			productType = "com.apple.product-type.bundle.ui-testing";
		};
/* End PBXNativeTarget section */

/* Begin PBXProject section */
		A93279CC2CAF0AC00053A9C2 /* Project object */ = {
			isa = PBXProject;
			attributes = {
				BuildIndependentTargetsInParallel = 1;
				LastSwiftUpdateCheck = 1600;
				LastUpgradeCheck = 1600;
				TargetAttributes = {
					A93279D32CAF0AC00053A9C2 = {
						CreatedOnToolsVersion = 16.0;
					};
					A93279EC2CAF0AC20053A9C2 = {
						CreatedOnToolsVersion = 16.0;
						TestTargetID = A93279D32CAF0AC00053A9C2;
					};
					A93279F62CAF0AC20053A9C2 = {
						CreatedOnToolsVersion = 16.0;
						TestTargetID = A93279D32CAF0AC00053A9C2;
					};
				};
			};
			buildConfigurationList = A93279CF2CAF0AC00053A9C2 /* Build configuration list for PBXProject "banquemisr.challenge05" */;
			developmentRegion = en;
			hasScannedForEncodings = 0;
			knownRegions = (
				en,
				Base,
			);
			mainGroup = A93279CB2CAF0AC00053A9C2;
			minimizedProjectReferenceProxies = 1;
			preferredProjectObjectVersion = 77;
			productRefGroup = A93279D52CAF0AC00053A9C2 /* Products */;
			projectDirPath = "";
			projectRoot = "";
			targets = (
				A93279D32CAF0AC00053A9C2 /* banquemisr.challenge05 */,
				A93279EC2CAF0AC20053A9C2 /* banquemisr.challenge05Tests */,
				A93279F62CAF0AC20053A9C2 /* banquemisr.challenge05UITests */,
			);
		};
/* End PBXProject section */

/* Begin PBXResourcesBuildPhase section */
		A93279D22CAF0AC00053A9C2 /* Resources */ = {
			isa = PBXResourcesBuildPhase;
			buildActionMask = 2147483647;
			files = (
			);
			runOnlyForDeploymentPostprocessing = 0;
		};
		A93279EB2CAF0AC20053A9C2 /* Resources */ = {
			isa = PBXResourcesBuildPhase;
			buildActionMask = 2147483647;
			files = (
			);
			runOnlyForDeploymentPostprocessing = 0;
		};
		A93279F52CAF0AC20053A9C2 /* Resources */ = {
			isa = PBXResourcesBuildPhase;
			buildActionMask = 2147483647;
			files = (
			);
			runOnlyForDeploymentPostprocessing = 0;
		};
/* End PBXResourcesBuildPhase section */

/* Begin PBXSourcesBuildPhase section */
		A93279D02CAF0AC00053A9C2 /* Sources */ = {
			isa = PBXSourcesBuildPhase;
			buildActionMask = 2147483647;
			files = (
			);
			runOnlyForDeploymentPostprocessing = 0;
		};
		A93279E92CAF0AC20053A9C2 /* Sources */ = {
			isa = PBXSourcesBuildPhase;
			buildActionMask = 2147483647;
			files = (
			);
			runOnlyForDeploymentPostprocessing = 0;
		};
		A93279F32CAF0AC20053A9C2 /* Sources */ = {
			isa = PBXSourcesBuildPhase;
			buildActionMask = 2147483647;
			files = (
			);
			runOnlyForDeploymentPostprocessing = 0;
		};
/* End PBXSourcesBuildPhase section */

/* Begin PBXTargetDependency section */
		A93279EF2CAF0AC20053A9C2 /* PBXTargetDependency */ = {
			isa = PBXTargetDependency;
			target = A93279D32CAF0AC00053A9C2 /* banquemisr.challenge05 */;
			targetProxy = A93279EE2CAF0AC20053A9C2 /* PBXContainerItemProxy */;
		};
		A93279F92CAF0AC20053A9C2 /* PBXTargetDependency */ = {
			isa = PBXTargetDependency;
			target = A93279D32CAF0AC00053A9C2 /* banquemisr.challenge05 */;
			targetProxy = A93279F82CAF0AC20053A9C2 /* PBXContainerItemProxy */;
		};
/* End PBXTargetDependency section */

/* Begin XCBuildConfiguration section */
		A9327A012CAF0AC20053A9C2 /* Debug */ = {
			isa = XCBuildConfiguration;
			buildSettings = {
				ASSETCATALOG_COMPILER_APPICON_NAME = AppIcon;
				ASSETCATALOG_COMPILER_GLOBAL_ACCENT_COLOR_NAME = AccentColor;
				CODE_SIGN_STYLE = Automatic;
				CURRENT_PROJECT_VERSION = 1;
				GENERATE_INFOPLIST_FILE = YES;
				INFOPLIST_FILE = banquemisr.challenge05/Info.plist;
				INFOPLIST_KEY_LSApplicationCategoryType = "";
				INFOPLIST_KEY_UIApplicationSupportsIndirectInputEvents = YES;
				INFOPLIST_KEY_UILaunchStoryboardName = LaunchScreen;
				INFOPLIST_KEY_UIMainStoryboardFile = Main;
				INFOPLIST_KEY_UISupportedInterfaceOrientations = UIInterfaceOrientationPortrait;
				INFOPLIST_KEY_UISupportedInterfaceOrientations_iPad = "UIInterfaceOrientationLandscapeLeft UIInterfaceOrientationLandscapeRight UIInterfaceOrientationPortrait UIInterfaceOrientationPortraitUpsideDown";
				INFOPLIST_KEY_UIUserInterfaceStyle = Light;
				LD_RUNPATH_SEARCH_PATHS = (
					"$(inherited)",
					"@executable_path/Frameworks",
				);
				MARKETING_VERSION = 1.0;
				PRODUCT_BUNDLE_IDENTIFIER = "engy.banquemisr-challenge05";
				PRODUCT_NAME = "$(TARGET_NAME)";
				SWIFT_EMIT_LOC_STRINGS = YES;
				SWIFT_VERSION = 5.0;
				TARGETED_DEVICE_FAMILY = "1,2";
			};
			name = Debug;
		};
		A9327A022CAF0AC20053A9C2 /* Release */ = {
			isa = XCBuildConfiguration;
			buildSettings = {
				ASSETCATALOG_COMPILER_APPICON_NAME = AppIcon;
				ASSETCATALOG_COMPILER_GLOBAL_ACCENT_COLOR_NAME = AccentColor;
				CODE_SIGN_STYLE = Automatic;
				CURRENT_PROJECT_VERSION = 1;
				GENERATE_INFOPLIST_FILE = YES;
				INFOPLIST_FILE = banquemisr.challenge05/Info.plist;
				INFOPLIST_KEY_LSApplicationCategoryType = "";
				INFOPLIST_KEY_UIApplicationSupportsIndirectInputEvents = YES;
				INFOPLIST_KEY_UILaunchStoryboardName = LaunchScreen;
				INFOPLIST_KEY_UIMainStoryboardFile = Main;
				INFOPLIST_KEY_UISupportedInterfaceOrientations = UIInterfaceOrientationPortrait;
				INFOPLIST_KEY_UISupportedInterfaceOrientations_iPad = "UIInterfaceOrientationLandscapeLeft UIInterfaceOrientationLandscapeRight UIInterfaceOrientationPortrait UIInterfaceOrientationPortraitUpsideDown";
				INFOPLIST_KEY_UIUserInterfaceStyle = Light;
				LD_RUNPATH_SEARCH_PATHS = (
					"$(inherited)",
					"@executable_path/Frameworks",
				);
				MARKETING_VERSION = 1.0;
				PRODUCT_BUNDLE_IDENTIFIER = "engy.banquemisr-challenge05";
				PRODUCT_NAME = "$(TARGET_NAME)";
				SWIFT_EMIT_LOC_STRINGS = YES;
				SWIFT_VERSION = 5.0;
				TARGETED_DEVICE_FAMILY = "1,2";
			};
			name = Release;
		};
		A9327A032CAF0AC20053A9C2 /* Debug */ = {
			isa = XCBuildConfiguration;
			buildSettings = {
				ALWAYS_SEARCH_USER_PATHS = NO;
				ASSETCATALOG_COMPILER_GENERATE_SWIFT_ASSET_SYMBOL_EXTENSIONS = YES;
				CLANG_ANALYZER_NONNULL = YES;
				CLANG_ANALYZER_NUMBER_OBJECT_CONVERSION = YES_AGGRESSIVE;
				CLANG_CXX_LANGUAGE_STANDARD = "gnu++20";
				CLANG_ENABLE_MODULES = YES;
				CLANG_ENABLE_OBJC_ARC = YES;
				CLANG_ENABLE_OBJC_WEAK = YES;
				CLANG_WARN_BLOCK_CAPTURE_AUTORELEASING = YES;
				CLANG_WARN_BOOL_CONVERSION = YES;
				CLANG_WARN_COMMA = YES;
				CLANG_WARN_CONSTANT_CONVERSION = YES;
				CLANG_WARN_DEPRECATED_OBJC_IMPLEMENTATIONS = YES;
				CLANG_WARN_DIRECT_OBJC_ISA_USAGE = YES_ERROR;
				CLANG_WARN_DOCUMENTATION_COMMENTS = YES;
				CLANG_WARN_EMPTY_BODY = YES;
				CLANG_WARN_ENUM_CONVERSION = YES;
				CLANG_WARN_INFINITE_RECURSION = YES;
				CLANG_WARN_INT_CONVERSION = YES;
				CLANG_WARN_NON_LITERAL_NULL_CONVERSION = YES;
				CLANG_WARN_OBJC_IMPLICIT_RETAIN_SELF = YES;
				CLANG_WARN_OBJC_LITERAL_CONVERSION = YES;
				CLANG_WARN_OBJC_ROOT_CLASS = YES_ERROR;
				CLANG_WARN_QUOTED_INCLUDE_IN_FRAMEWORK_HEADER = YES;
				CLANG_WARN_RANGE_LOOP_ANALYSIS = YES;
				CLANG_WARN_STRICT_PROTOTYPES = YES;
				CLANG_WARN_SUSPICIOUS_MOVE = YES;
				CLANG_WARN_UNGUARDED_AVAILABILITY = YES_AGGRESSIVE;
				CLANG_WARN_UNREACHABLE_CODE = YES;
				CLANG_WARN__DUPLICATE_METHOD_MATCH = YES;
				COPY_PHASE_STRIP = NO;
				DEBUG_INFORMATION_FORMAT = dwarf;
				ENABLE_STRICT_OBJC_MSGSEND = YES;
				ENABLE_TESTABILITY = YES;
				ENABLE_USER_SCRIPT_SANDBOXING = YES;
				GCC_C_LANGUAGE_STANDARD = gnu17;
				GCC_DYNAMIC_NO_PIC = NO;
				GCC_NO_COMMON_BLOCKS = YES;
				GCC_OPTIMIZATION_LEVEL = 0;
				GCC_PREPROCESSOR_DEFINITIONS = (
					"DEBUG=1",
					"$(inherited)",
				);
				GCC_WARN_64_TO_32_BIT_CONVERSION = YES;
				GCC_WARN_ABOUT_RETURN_TYPE = YES_ERROR;
				GCC_WARN_UNDECLARED_SELECTOR = YES;
				GCC_WARN_UNINITIALIZED_AUTOS = YES_AGGRESSIVE;
				GCC_WARN_UNUSED_FUNCTION = YES;
				GCC_WARN_UNUSED_VARIABLE = YES;
				IPHONEOS_DEPLOYMENT_TARGET = 18.0;
				LOCALIZATION_PREFERS_STRING_CATALOGS = YES;
				MTL_ENABLE_DEBUG_INFO = INCLUDE_SOURCE;
				MTL_FAST_MATH = YES;
				ONLY_ACTIVE_ARCH = YES;
				SDKROOT = iphoneos;
				SWIFT_ACTIVE_COMPILATION_CONDITIONS = "DEBUG $(inherited)";
				SWIFT_OPTIMIZATION_LEVEL = "-Onone";
			};
			name = Debug;
		};
		A9327A042CAF0AC20053A9C2 /* Release */ = {
			isa = XCBuildConfiguration;
			buildSettings = {
				ALWAYS_SEARCH_USER_PATHS = NO;
				ASSETCATALOG_COMPILER_GENERATE_SWIFT_ASSET_SYMBOL_EXTENSIONS = YES;
				CLANG_ANALYZER_NONNULL = YES;
				CLANG_ANALYZER_NUMBER_OBJECT_CONVERSION = YES_AGGRESSIVE;
				CLANG_CXX_LANGUAGE_STANDARD = "gnu++20";
				CLANG_ENABLE_MODULES = YES;
				CLANG_ENABLE_OBJC_ARC = YES;
				CLANG_ENABLE_OBJC_WEAK = YES;
				CLANG_WARN_BLOCK_CAPTURE_AUTORELEASING = YES;
				CLANG_WARN_BOOL_CONVERSION = YES;
				CLANG_WARN_COMMA = YES;
				CLANG_WARN_CONSTANT_CONVERSION = YES;
				CLANG_WARN_DEPRECATED_OBJC_IMPLEMENTATIONS = YES;
				CLANG_WARN_DIRECT_OBJC_ISA_USAGE = YES_ERROR;
				CLANG_WARN_DOCUMENTATION_COMMENTS = YES;
				CLANG_WARN_EMPTY_BODY = YES;
				CLANG_WARN_ENUM_CONVERSION = YES;
				CLANG_WARN_INFINITE_RECURSION = YES;
				CLANG_WARN_INT_CONVERSION = YES;
				CLANG_WARN_NON_LITERAL_NULL_CONVERSION = YES;
				CLANG_WARN_OBJC_IMPLICIT_RETAIN_SELF = YES;
				CLANG_WARN_OBJC_LITERAL_CONVERSION = YES;
				CLANG_WARN_OBJC_ROOT_CLASS = YES_ERROR;
				CLANG_WARN_QUOTED_INCLUDE_IN_FRAMEWORK_HEADER = YES;
				CLANG_WARN_RANGE_LOOP_ANALYSIS = YES;
				CLANG_WARN_STRICT_PROTOTYPES = YES;
				CLANG_WARN_SUSPICIOUS_MOVE = YES;
				CLANG_WARN_UNGUARDED_AVAILABILITY = YES_AGGRESSIVE;
				CLANG_WARN_UNREACHABLE_CODE = YES;
				CLANG_WARN__DUPLICATE_METHOD_MATCH = YES;
				COPY_PHASE_STRIP = NO;
				DEBUG_INFORMATION_FORMAT = "dwarf-with-dsym";
				ENABLE_NS_ASSERTIONS = NO;
				ENABLE_STRICT_OBJC_MSGSEND = YES;
				ENABLE_USER_SCRIPT_SANDBOXING = YES;
				GCC_C_LANGUAGE_STANDARD = gnu17;
				GCC_NO_COMMON_BLOCKS = YES;
				GCC_WARN_64_TO_32_BIT_CONVERSION = YES;
				GCC_WARN_ABOUT_RETURN_TYPE = YES_ERROR;
				GCC_WARN_UNDECLARED_SELECTOR = YES;
				GCC_WARN_UNINITIALIZED_AUTOS = YES_AGGRESSIVE;
				GCC_WARN_UNUSED_FUNCTION = YES;
				GCC_WARN_UNUSED_VARIABLE = YES;
				IPHONEOS_DEPLOYMENT_TARGET = 18.0;
				LOCALIZATION_PREFERS_STRING_CATALOGS = YES;
				MTL_ENABLE_DEBUG_INFO = NO;
				MTL_FAST_MATH = YES;
				SDKROOT = iphoneos;
				SWIFT_COMPILATION_MODE = wholemodule;
				VALIDATE_PRODUCT = YES;
			};
			name = Release;
		};
		A9327A062CAF0AC20053A9C2 /* Debug */ = {
			isa = XCBuildConfiguration;
			buildSettings = {
				BUNDLE_LOADER = "$(TEST_HOST)";
				CODE_SIGN_STYLE = Automatic;
				CURRENT_PROJECT_VERSION = 1;
				GENERATE_INFOPLIST_FILE = YES;
				IPHONEOS_DEPLOYMENT_TARGET = 18.0;
				MARKETING_VERSION = 1.0;
				PRODUCT_BUNDLE_IDENTIFIER = "engy.banquemisr-challenge05Tests";
				PRODUCT_NAME = "$(TARGET_NAME)";
				SWIFT_EMIT_LOC_STRINGS = NO;
				SWIFT_VERSION = 5.0;
				TARGETED_DEVICE_FAMILY = "1,2";
				TEST_HOST = "$(BUILT_PRODUCTS_DIR)/banquemisr.challenge05.app/$(BUNDLE_EXECUTABLE_FOLDER_PATH)/banquemisr.challenge05";
			};
			name = Debug;
		};
		A9327A072CAF0AC20053A9C2 /* Release */ = {
			isa = XCBuildConfiguration;
			buildSettings = {
				BUNDLE_LOADER = "$(TEST_HOST)";
				CODE_SIGN_STYLE = Automatic;
				CURRENT_PROJECT_VERSION = 1;
				GENERATE_INFOPLIST_FILE = YES;
				IPHONEOS_DEPLOYMENT_TARGET = 18.0;
				MARKETING_VERSION = 1.0;
				PRODUCT_BUNDLE_IDENTIFIER = "engy.banquemisr-challenge05Tests";
				PRODUCT_NAME = "$(TARGET_NAME)";
				SWIFT_EMIT_LOC_STRINGS = NO;
				SWIFT_VERSION = 5.0;
				TARGETED_DEVICE_FAMILY = "1,2";
				TEST_HOST = "$(BUILT_PRODUCTS_DIR)/banquemisr.challenge05.app/$(BUNDLE_EXECUTABLE_FOLDER_PATH)/banquemisr.challenge05";
			};
			name = Release;
		};
		A9327A092CAF0AC20053A9C2 /* Debug */ = {
			isa = XCBuildConfiguration;
			buildSettings = {
				CODE_SIGN_STYLE = Automatic;
				CURRENT_PROJECT_VERSION = 1;
				GENERATE_INFOPLIST_FILE = YES;
				MARKETING_VERSION = 1.0;
				PRODUCT_BUNDLE_IDENTIFIER = "engy.banquemisr-challenge05UITests";
				PRODUCT_NAME = "$(TARGET_NAME)";
				SWIFT_EMIT_LOC_STRINGS = NO;
				SWIFT_VERSION = 5.0;
				TARGETED_DEVICE_FAMILY = "1,2";
				TEST_TARGET_NAME = banquemisr.challenge05;
			};
			name = Debug;
		};
		A9327A0A2CAF0AC20053A9C2 /* Release */ = {
			isa = XCBuildConfiguration;
			buildSettings = {
				CODE_SIGN_STYLE = Automatic;
				CURRENT_PROJECT_VERSION = 1;
				GENERATE_INFOPLIST_FILE = YES;
				MARKETING_VERSION = 1.0;
				PRODUCT_BUNDLE_IDENTIFIER = "engy.banquemisr-challenge05UITests";
				PRODUCT_NAME = "$(TARGET_NAME)";
				SWIFT_EMIT_LOC_STRINGS = NO;
				SWIFT_VERSION = 5.0;
				TARGETED_DEVICE_FAMILY = "1,2";
				TEST_TARGET_NAME = banquemisr.challenge05;
			};
			name = Release;
		};
/* End XCBuildConfiguration section */

/* Begin XCConfigurationList section */
		A93279CF2CAF0AC00053A9C2 /* Build configuration list for PBXProject "banquemisr.challenge05" */ = {
			isa = XCConfigurationList;
			buildConfigurations = (
				A9327A032CAF0AC20053A9C2 /* Debug */,
				A9327A042CAF0AC20053A9C2 /* Release */,
			);
			defaultConfigurationIsVisible = 0;
			defaultConfigurationName = Release;
		};
		A9327A002CAF0AC20053A9C2 /* Build configuration list for PBXNativeTarget "banquemisr.challenge05" */ = {
			isa = XCConfigurationList;
			buildConfigurations = (
				A9327A012CAF0AC20053A9C2 /* Debug */,
				A9327A022CAF0AC20053A9C2 /* Release */,
			);
			defaultConfigurationIsVisible = 0;
			defaultConfigurationName = Release;
		};
		A9327A052CAF0AC20053A9C2 /* Build configuration list for PBXNativeTarget "banquemisr.challenge05Tests" */ = {
			isa = XCConfigurationList;
			buildConfigurations = (
				A9327A062CAF0AC20053A9C2 /* Debug */,
				A9327A072CAF0AC20053A9C2 /* Release */,
			);
			defaultConfigurationIsVisible = 0;
			defaultConfigurationName = Release;
		};
		A9327A082CAF0AC20053A9C2 /* Build configuration list for PBXNativeTarget "banquemisr.challenge05UITests" */ = {
			isa = XCConfigurationList;
			buildConfigurations = (
				A9327A092CAF0AC20053A9C2 /* Debug */,
				A9327A0A2CAF0AC20053A9C2 /* Release */,
			);
			defaultConfigurationIsVisible = 0;
			defaultConfigurationName = Release;
		};
/* End XCConfigurationList section */
	};
	rootObject = A93279CC2CAF0AC00053A9C2 /* Project object */;
}
